github.com/LaraEzarik/hugo-theme-mini v0.0.0-20260731181537-0edfeb1624e7 h1:Fs0aJW3o/nZk0nqdbH2n+AvI2UnObjKkPjp9vOSRcqk=
github.com/LaraEzarik/hugo-theme-mini v0.0.0-20260731181537-0edfeb1624e7/go.mod h1:3aYkxixHN1x/cuBseNkaOO9eAa5r9AoW6eywVMhdMdU=
github.com/LaraEzarik/hugo-theme-mini v0.0.0-20260731183244-3822e4111ee7 h1:GAGhZXaqs+hr/6hw4pdXH7/Qu09xd6xgDLeS5HW4iy4=
github.com/LaraEzarik/hugo-theme-mini v0.0.0-20260731183244-3822e4111ee7/go.mod h1:3aYkxixHN1x/cuBseNkaOO9eAa5r9AoW6eywVMhdMdU=
github.com/nodejh/hugo-theme-mini v0.0.0-20240322021354-34417888405c h1:WUFnrYHzZk6QLla2BgFvySeYORf5nf0SUzcdIANHadU=
github.com/nodejh/hugo-theme-mini v0.0.0-20240322021354-34417888405c/go.mod h1:+Rl6qKesH3DeBOjXcmPXB1L/LwD3RqXzopTzon/jv5Q=
github.com/spf13/hyde v1.1.0 h1:ZKOakmybNrsaUQCZsf/XwwGIp6NHjUuU3klBgVuoees=
github.com/spf13/hyde v1.1.0/go.mod h1:CSmLWCbXXInaA5zAkwAQ0EbwpR7Pe74eSmDxdGspoCY=
